# This file is automatically @generated by Cargo.
# It is not intended for manual editing.
version = 3

[[package]]
name = "aoc_2022"
version = "0.1.0"
dependencies = [
 "itertools",
 "slab_tree",
 "trees",
]

[[package]]
name = "either"
version = "1.8.0"
source = "registry+https://github.com/rust-lang/crates.io-index"
checksum = "90e5c1c8368803113bf0c9584fc495a58b86dc8a29edbf8fe877d21d9507e797"

[[package]]
name = "itertools"
version = "0.10.5"
source = "registry+https://github.com/rust-lang/crates.io-index"
checksum = "b0fd2260e829bddf4cb6ea802289de2f86d6a7a690192fbe91b3f46e0f2c8473"
dependencies = [
 "either",
]

[[package]]
name = "slab_tree"
version = "0.3.2"
source = "registry+https://github.com/rust-lang/crates.io-index"
checksum = "f9e8b45abe77b7cab703054a11973cffe164c82c5ff5e211ae5a73af5e42e39f"
dependencies = [
 "snowflake",
]

[[package]]
name = "snowflake"
version = "1.3.0"
source = "registry+https://github.com/rust-lang/crates.io-index"
checksum = "27207bb65232eda1f588cf46db2fee75c0808d557f6b3cf19a75f5d6d7c94df1"

[[package]]
name = "trees"
version = "0.4.2"
source = "registry+https://github.com/rust-lang/crates.io-index"
checksum = "0de5f738ceab88e2491a94ddc33c3feeadfa95fedc60363ef110845df12f3878"
